
Microsoft Visual Studio Solution File, Format Version 12.00
# Visual Studio Version 17
VisualStudioVersion = 17.5.002.0
MinimumVisualStudioVersion = 10.0.40219.1
Project("{9A19103F-16F7-4668-BE54-9A1E7A4F7556}") = "LearningTestPets", "LearningTestPets.csproj", "{B824CBA4-692F-49D5-8717-864F597FC39A}"
EndProject
Global
	GlobalSection(SolutionConfigurationPlatforms) = preSolution
		Debug|Any CPU = Debug|Any CPU
		Release|Any CPU = Release|Any CPU
	EndGlobalSection
	GlobalSection(ProjectConfigurationPlatforms) = postSolution
		{B824CBA4-692F-49D5-8717-864F597FC39A}.Debug|Any CPU.ActiveCfg = Debug|Any CPU
		{B824CBA4-692F-49D5-8717-864F597FC39A}.Debug|Any CPU.Build.0 = Debug|Any CPU
		{B824CBA4-692F-49D5-8717-864F597FC39A}.Release|Any CPU.ActiveCfg = Release|Any CPU
		{B824CBA4-692F-49D5-8717-864F597FC39A}.Release|Any CPU.Build.0 = Release|Any CPU
	EndGlobalSection
	GlobalSection(SolutionProperties) = preSolution
		HideSolutionNode = FALSE
	EndGlobalSection
	GlobalSection(ExtensibilityGlobals) = postSolution
		SolutionGuid = {34AF466B-145C-4AF6-ABB8-338C3F1DA3AC}
	EndGlobalSection
EndGlobal
